// !$*UTF8*$!
{
	archiveVersion = 1;
	classes = {
	};
	objectVersion = 77;
	objects = {

/* Begin PBXBuildFile section */
		23423DE62D73B4D400AACE3E /* SQLite in Frameworks */ = {isa = PBXBuildFile; productRef = 23423DE52D73B4D400AACE3E /* SQLite */; };
		2354B9E12D7425EE0050C53D /* OpenMeteoSdk in Frameworks */ = {isa = PBXBuildFile; productRef = 2354B9E02D7425EE0050C53D /* OpenMeteoSdk */; };
/* End PBXBuildFile section */

/* Begin PBXContainerItemProxy section */
		23423DC82D739D6900AACE3E /* PBXContainerItemProxy */ = {
			isa = PBXContainerItemProxy;
			containerPortal = 23423DAF2D739D6800AACE3E /* Project object */;
			proxyType = 1;
			remoteGlobalIDString = 23423DB62D739D6800AACE3E;
			remoteInfo = FrancoSphere;
		};
		23423DD22D739D6A00AACE3E /* PBXContainerItemProxy */ = {
			isa = PBXContainerItemProxy;
			containerPortal = 23423DAF2D739D6800AACE3E /* Project object */;
			proxyType = 1;
			remoteGlobalIDString = 23423DB62D739D6800AACE3E;
			remoteInfo = FrancoSphere;
		};
/* End PBXContainerItemProxy section */

/* Begin PBXFileReference section */
		23423DB72D739D6800AACE3E /* FrancoSphere.app */ = {isa = PBXFileReference; explicitFileType = wrapper.application; includeInIndex = 0; path = FrancoSphere.app; sourceTree = BUILT_PRODUCTS_DIR; };
		23423DC72D739D6900AACE3E /* FrancoSphereTests.xctest */ = {isa = PBXFileReference; explicitFileType = wrapper.cfbundle; includeInIndex = 0; path = FrancoSphereTests.xctest; sourceTree = BUILT_PRODUCTS_DIR; };
		23423DD12D739D6A00AACE3E /* FrancoSphereUITests.xctest */ = {isa = PBXFileReference; explicitFileType = wrapper.cfbundle; includeInIndex = 0; path = FrancoSphereUITests.xctest; sourceTree = BUILT_PRODUCTS_DIR; };
/* End PBXFileReference section */

/* Begin PBXFileSystemSynchronizedRootGroup section */
		23423DCA2D739D6900AACE3E /* FrancoSphereTests */ = {
			isa = PBXFileSystemSynchronizedRootGroup;
			path = FrancoSphereTests;
			sourceTree = "<group>";
		};
		23423DD42D739D6A00AACE3E /* FrancoSphereUITests */ = {
			isa = PBXFileSystemSynchronizedRootGroup;
			path = FrancoSphereUITests;
			sourceTree = "<group>";
		};
		2354B95E2D73DBDE0050C53D /* FrancoSphere */ = {
			isa = PBXFileSystemSynchronizedRootGroup;
			explicitFolders = (
				Assets.xassets,
			);
			path = FrancoSphere;
			sourceTree = "<group>";
		};
/* End PBXFileSystemSynchronizedRootGroup section */

/* Begin PBXFrameworksBuildPhase section */
		23423DB42D739D6800AACE3E /* Frameworks */ = {
			isa = PBXFrameworksBuildPhase;
			buildActionMask = 2147483647;
			files = (
				2354B9E12D7425EE0050C53D /* OpenMeteoSdk in Frameworks */,
				23423DE62D73B4D400AACE3E /* SQLite in Frameworks */,
			);
			runOnlyForDeploymentPostprocessing = 0;
		};
		23423DC42D739D6900AACE3E /* Frameworks */ = {
			isa = PBXFrameworksBuildPhase;
			buildActionMask = 2147483647;
			files = (
			);
			runOnlyForDeploymentPostprocessing = 0;
		};
		23423DCE2D739D6A00AACE3E /* Frameworks */ = {
			isa = PBXFrameworksBuildPhase;
			buildActionMask = 2147483647;
			files = (
			);
			runOnlyForDeploymentPostprocessing = 0;
		};
/* End PBXFrameworksBuildPhase section */

/* Begin PBXGroup section */
		23423DAE2D739D6800AACE3E = {
			isa = PBXGroup;
			children = (
				2354B95E2D73DBDE0050C53D /* FrancoSphere */,
				23423DCA2D739D6900AACE3E /* FrancoSphereTests */,
				23423DD42D739D6A00AACE3E /* FrancoSphereUITests */,
				23423DB82D739D6800AACE3E /* Products */,
			);
			sourceTree = "<group>";
		};
		23423DB82D739D6800AACE3E /* Products */ = {
			isa = PBXGroup;
			children = (
				23423DB72D739D6800AACE3E /* FrancoSphere.app */,
				23423DC72D739D6900AACE3E /* FrancoSphereTests.xctest */,
				23423DD12D739D6A00AACE3E /* FrancoSphereUITests.xctest */,
			);
			name = Products;
			sourceTree = "<group>";
		};
/* End PBXGroup section */

/* Begin PBXNativeTarget section */
		23423DB62D739D6800AACE3E /* FrancoSphere */ = {
			isa = PBXNativeTarget;
			buildConfigurationList = 23423DDB2D739D6A00AACE3E /* Build configuration list for PBXNativeTarget "FrancoSphere" */;
			buildPhases = (
				23423DB32D739D6800AACE3E /* Sources */,
				23423DB42D739D6800AACE3E /* Frameworks */,
				23423DB52D739D6800AACE3E /* Resources */,
			);
			buildRules = (
			);
			dependencies = (
			);
			fileSystemSynchronizedGroups = (
				2354B95E2D73DBDE0050C53D /* FrancoSphere */,
			);
			name = FrancoSphere;
			packageProductDependencies = (
				23423DE52D73B4D400AACE3E /* SQLite */,
				2354B9E02D7425EE0050C53D /* OpenMeteoSdk */,
			);
			productName = FrancoSphere;
			productReference = 23423DB72D739D6800AACE3E /* FrancoSphere.app */;
			productType = "com.apple.product-type.application";
		};
		23423DC62D739D6900AACE3E /* FrancoSphereTests */ = {
			isa = PBXNativeTarget;
			buildConfigurationList = 23423DDE2D739D6A00AACE3E /* Build configuration list for PBXNativeTarget "FrancoSphereTests" */;
			buildPhases = (
				23423DC32D739D6900AACE3E /* Sources */,
				23423DC42D739D6900AACE3E /* Frameworks */,
				23423DC52D739D6900AACE3E /* Resources */,
			);
			buildRules = (
			);
			dependencies = (
				23423DC92D739D6900AACE3E /* PBXTargetDependency */,
			);
			fileSystemSynchronizedGroups = (
				23423DCA2D739D6900AACE3E /* FrancoSphereTests */,
			);
			name = FrancoSphereTests;
			packageProductDependencies = (
			);
			productName = FrancoSphereTests;
			productReference = 23423DC72D739D6900AACE3E /* FrancoSphereTests.xctest */;
			productType = "com.apple.product-type.bundle.unit-test";
		};
		23423DD02D739D6A00AACE3E /* FrancoSphereUITests */ = {
			isa = PBXNativeTarget;
			buildConfigurationList = 23423DE12D739D6A00AACE3E /* Build configuration list for PBXNativeTarget "FrancoSphereUITests" */;
			buildPhases = (
				23423DCD2D739D6A00AACE3E /* Sources */,
				23423DCE2D739D6A00AACE3E /* Frameworks */,
				23423DCF2D739D6A00AACE3E /* Resources */,
			);
			buildRules = (
			);
			dependencies = (
				23423DD32D739D6A00AACE3E /* PBXTargetDependency */,
			);
			fileSystemSynchronizedGroups = (
				23423DD42D739D6A00AACE3E /* FrancoSphereUITests */,
			);
			name = FrancoSphereUITests;
			packageProductDependencies = (
			);
			productName = FrancoSphereUITests;
			productReference = 23423DD12D739D6A00AACE3E /* FrancoSphereUITests.xctest */;
			productType = "com.apple.product-type.bundle.ui-testing";
		};
/* End PBXNativeTarget section */

/* Begin PBXProject section */
		23423DAF2D739D6800AACE3E /* Project object */ = {
			isa = PBXProject;
			attributes = {
				BuildIndependentTargetsInParallel = 1;
				LastSwiftUpdateCheck = 1620;
				LastUpgradeCheck = 1640;
				TargetAttributes = {
					23423DB62D739D6800AACE3E = {
						CreatedOnToolsVersion = 16.2;
					};
					23423DC62D739D6900AACE3E = {
						CreatedOnToolsVersion = 16.2;
						TestTargetID = 23423DB62D739D6800AACE3E;
					};
					23423DD02D739D6A00AACE3E = {
						CreatedOnToolsVersion = 16.2;
						TestTargetID = 23423DB62D739D6800AACE3E;
					};
				};
			};
			buildConfigurationList = 23423DB22D739D6800AACE3E /* Build configuration list for PBXProject "FrancoSphere" */;
			developmentRegion = en;
			hasScannedForEncodings = 0;
			knownRegions = (
				en,
				Base,
			);
			mainGroup = 23423DAE2D739D6800AACE3E;
			minimizedProjectReferenceProxies = 1;
			packageReferences = (
				23423DE42D73B4D400AACE3E /* XCRemoteSwiftPackageReference "SQLite.swift" */,
				2354B9DF2D7425EE0050C53D /* XCRemoteSwiftPackageReference "sdk" */,
			);
			preferredProjectObjectVersion = 77;
			productRefGroup = 23423DB82D739D6800AACE3E /* Products */;
			projectDirPath = "";
			projectRoot = "";
			targets = (
				23423DB62D739D6800AACE3E /* FrancoSphere */,
				23423DC62D739D6900AACE3E /* FrancoSphereTests */,
				23423DD02D739D6A00AACE3E /* FrancoSphereUITests */,
			);
		};
/* End PBXProject section */

/* Begin PBXResourcesBuildPhase section */
		23423DB52D739D6800AACE3E /* Resources */ = {
			isa = PBXResourcesBuildPhase;
			buildActionMask = 2147483647;
			files = (
			);
			runOnlyForDeploymentPostprocessing = 0;
		};
		23423DC52D739D6900AACE3E /* Resources */ = {
			isa = PBXResourcesBuildPhase;
			buildActionMask = 2147483647;
			files = (
			);
			runOnlyForDeploymentPostprocessing = 0;
		};
		23423DCF2D739D6A00AACE3E /* Resources */ = {
			isa = PBXResourcesBuildPhase;
			buildActionMask = 2147483647;
			files = (
			);
			runOnlyForDeploymentPostprocessing = 0;
		};
/* End PBXResourcesBuildPhase section */

/* Begin PBXSourcesBuildPhase section */
		23423DB32D739D6800AACE3E /* Sources */ = {
			isa = PBXSourcesBuildPhase;
			buildActionMask = 2147483647;
			files = (
			);
			runOnlyForDeploymentPostprocessing = 0;
		};
		23423DC32D739D6900AACE3E /* Sources */ = {
			isa = PBXSourcesBuildPhase;
			buildActionMask = 2147483647;
			files = (
			);
			runOnlyForDeploymentPostprocessing = 0;
		};
		23423DCD2D739D6A00AACE3E /* Sources */ = {
			isa = PBXSourcesBuildPhase;
			buildActionMask = 2147483647;
			files = (
			);
			runOnlyForDeploymentPostprocessing = 0;
		};
/* End PBXSourcesBuildPhase section */

/* Begin PBXTargetDependency section */
		23423DC92D739D6900AACE3E /* PBXTargetDependency */ = {
			isa = PBXTargetDependency;
			target = 23423DB62D739D6800AACE3E /* FrancoSphere */;
			targetProxy = 23423DC82D739D6900AACE3E /* PBXContainerItemProxy */;
		};
		23423DD32D739D6A00AACE3E /* PBXTargetDependency */ = {
			isa = PBXTargetDependency;
			target = 23423DB62D739D6800AACE3E /* FrancoSphere */;
			targetProxy = 23423DD22D739D6A00AACE3E /* PBXContainerItemProxy */;
		};
/* End PBXTargetDependency section */

/* Begin XCBuildConfiguration section */
		23423DD92D739D6A00AACE3E /* Debug */ = {
			isa = XCBuildConfiguration;
			buildSettings = {
				ALWAYS_SEARCH_USER_PATHS = NO;
				ASSETCATALOG_COMPILER_GENERATE_SWIFT_ASSET_SYMBOL_EXTENSIONS = YES;
				CLANG_ANALYZER_NONNULL = YES;
				CLANG_ANALYZER_NUMBER_OBJECT_CONVERSION = YES_AGGRESSIVE;
				CLANG_CXX_LANGUAGE_STANDARD = "gnu++20";
				CLANG_ENABLE_MODULES = YES;
				CLANG_ENABLE_OBJC_ARC = YES;
				CLANG_ENABLE_OBJC_WEAK = YES;
				CLANG_WARN_BLOCK_CAPTURE_AUTORELEASING = YES;
				CLANG_WARN_BOOL_CONVERSION = YES;
				CLANG_WARN_COMMA = YES;
				CLANG_WARN_CONSTANT_CONVERSION = YES;
				CLANG_WARN_DEPRECATED_OBJC_IMPLEMENTATIONS = YES;
				CLANG_WARN_DIRECT_OBJC_ISA_USAGE = YES_ERROR;
				CLANG_WARN_DOCUMENTATION_COMMENTS = YES;
				CLANG_WARN_EMPTY_BODY = YES;
				CLANG_WARN_ENUM_CONVERSION = YES;
				CLANG_WARN_INFINITE_RECURSION = YES;
				CLANG_WARN_INT_CONVERSION = YES;
				CLANG_WARN_NON_LITERAL_NULL_CONVERSION = YES;
				CLANG_WARN_OBJC_IMPLICIT_RETAIN_SELF = YES;
				CLANG_WARN_OBJC_LITERAL_CONVERSION = YES;
				CLANG_WARN_OBJC_ROOT_CLASS = YES_ERROR;
				CLANG_WARN_QUOTED_INCLUDE_IN_FRAMEWORK_HEADER = YES;
				CLANG_WARN_RANGE_LOOP_ANALYSIS = YES;
				CLANG_WARN_STRICT_PROTOTYPES = YES;
				CLANG_WARN_SUSPICIOUS_MOVE = YES;
				CLANG_WARN_UNGUARDED_AVAILABILITY = YES_AGGRESSIVE;
				CLANG_WARN_UNREACHABLE_CODE = YES;
				CLANG_WARN__DUPLICATE_METHOD_MATCH = YES;
				COPY_PHASE_STRIP = NO;
				DEBUG_INFORMATION_FORMAT = dwarf;
				DEVELOPMENT_TEAM = X82DB5QT3S;
				ENABLE_STRICT_OBJC_MSGSEND = YES;
				ENABLE_TESTABILITY = YES;
				ENABLE_USER_SCRIPT_SANDBOXING = YES;
				GCC_C_LANGUAGE_STANDARD = gnu17;
				GCC_DYNAMIC_NO_PIC = NO;
				GCC_NO_COMMON_BLOCKS = YES;
				GCC_OPTIMIZATION_LEVEL = 0;
				GCC_PREPROCESSOR_DEFINITIONS = (
					"DEBUG=1",
					"$(inherited)",
				);
				GCC_WARN_64_TO_32_BIT_CONVERSION = YES;
				GCC_WARN_ABOUT_RETURN_TYPE = YES_ERROR;
				GCC_WARN_UNDECLARED_SELECTOR = YES;
				GCC_WARN_UNINITIALIZED_AUTOS = YES_AGGRESSIVE;
				GCC_WARN_UNUSED_FUNCTION = YES;
				GCC_WARN_UNUSED_VARIABLE = YES;
				IPHONEOS_DEPLOYMENT_TARGET = 18.2;
				LOCALIZATION_PREFERS_STRING_CATALOGS = YES;
				MTL_ENABLE_DEBUG_INFO = INCLUDE_SOURCE;
				MTL_FAST_MATH = YES;
				ONLY_ACTIVE_ARCH = YES;
				SDKROOT = iphoneos;
				SWIFT_ACTIVE_COMPILATION_CONDITIONS = "DEBUG $(inherited)";
				SWIFT_OPTIMIZATION_LEVEL = "-Onone";
			};
			name = Debug;
		};
		23423DDA2D739D6A00AACE3E /* Release */ = {
			isa = XCBuildConfiguration;
			buildSettings = {
				ALWAYS_SEARCH_USER_PATHS = NO;
				ASSETCATALOG_COMPILER_GENERATE_SWIFT_ASSET_SYMBOL_EXTENSIONS = YES;
				CLANG_ANALYZER_NONNULL = YES;
				CLANG_ANALYZER_NUMBER_OBJECT_CONVERSION = YES_AGGRESSIVE;
				CLANG_CXX_LANGUAGE_STANDARD = "gnu++20";
				CLANG_ENABLE_MODULES = YES;
				CLANG_ENABLE_OBJC_ARC = YES;
				CLANG_ENABLE_OBJC_WEAK = YES;
				CLANG_WARN_BLOCK_CAPTURE_AUTORELEASING = YES;
				CLANG_WARN_BOOL_CONVERSION = YES;
				CLANG_WARN_COMMA = YES;
				CLANG_WARN_CONSTANT_CONVERSION = YES;
				CLANG_WARN_DEPRECATED_OBJC_IMPLEMENTATIONS = YES;
				CLANG_WARN_DIRECT_OBJC_ISA_USAGE = YES_ERROR;
				CLANG_WARN_DOCUMENTATION_COMMENTS = YES;
				CLANG_WARN_EMPTY_BODY = YES;
				CLANG_WARN_ENUM_CONVERSION = YES;
				CLANG_WARN_INFINITE_RECURSION = YES;
				CLANG_WARN_INT_CONVERSION = YES;
				CLANG_WARN_NON_LITERAL_NULL_CONVERSION = YES;
				CLANG_WARN_OBJC_IMPLICIT_RETAIN_SELF = YES;
				CLANG_WARN_OBJC_LITERAL_CONVERSION = YES;
				CLANG_WARN_OBJC_ROOT_CLASS = YES_ERROR;
				CLANG_WARN_QUOTED_INCLUDE_IN_FRAMEWORK_HEADER = YES;
				CLANG_WARN_RANGE_LOOP_ANALYSIS = YES;
				CLANG_WARN_STRICT_PROTOTYPES = YES;
				CLANG_WARN_SUSPICIOUS_MOVE = YES;
				CLANG_WARN_UNGUARDED_AVAILABILITY = YES_AGGRESSIVE;
				CLANG_WARN_UNREACHABLE_CODE = YES;
				CLANG_WARN__DUPLICATE_METHOD_MATCH = YES;
				COPY_PHASE_STRIP = NO;
				DEBUG_INFORMATION_FORMAT = "dwarf-with-dsym";
				DEVELOPMENT_TEAM = X82DB5QT3S;
				ENABLE_NS_ASSERTIONS = NO;
				ENABLE_STRICT_OBJC_MSGSEND = YES;
				ENABLE_USER_SCRIPT_SANDBOXING = YES;
				GCC_C_LANGUAGE_STANDARD = gnu17;
				GCC_NO_COMMON_BLOCKS = YES;
				GCC_WARN_64_TO_32_BIT_CONVERSION = YES;
				GCC_WARN_ABOUT_RETURN_TYPE = YES_ERROR;
				GCC_WARN_UNDECLARED_SELECTOR = YES;
				GCC_WARN_UNINITIALIZED_AUTOS = YES_AGGRESSIVE;
				GCC_WARN_UNUSED_FUNCTION = YES;
				GCC_WARN_UNUSED_VARIABLE = YES;
				IPHONEOS_DEPLOYMENT_TARGET = 18.2;
				LOCALIZATION_PREFERS_STRING_CATALOGS = YES;
				MTL_ENABLE_DEBUG_INFO = NO;
				MTL_FAST_MATH = YES;
				SDKROOT = iphoneos;
				SWIFT_COMPILATION_MODE = wholemodule;
				VALIDATE_PRODUCT = YES;
			};
			name = Release;
		};
		23423DDC2D739D6A00AACE3E /* Debug */ = {
			isa = XCBuildConfiguration;
			buildSettings = {
				ASSETCATALOG_COMPILER_APPICON_NAME = AppIcon;
				ASSETCATALOG_COMPILER_GLOBAL_ACCENT_COLOR_NAME = AccentColor;
				CODE_SIGN_STYLE = Automatic;
				CURRENT_PROJECT_VERSION = 1;
				DEVELOPMENT_ASSET_PATHS = "\"FrancoSphere/Preview Content\"";
				ENABLE_PREVIEWS = YES;
				GENERATE_INFOPLIST_FILE = YES;
				INFOPLIST_KEY_UIApplicationSceneManifest_Generation = YES;
				INFOPLIST_KEY_UIApplicationSupportsIndirectInputEvents = YES;
				INFOPLIST_KEY_UILaunchScreen_Generation = YES;
				INFOPLIST_KEY_UISupportedInterfaceOrientations_iPad = "UIInterfaceOrientationPortrait UIInterfaceOrientationPortraitUpsideDown UIInterfaceOrientationLandscapeLeft UIInterfaceOrientationLandscapeRight";
				INFOPLIST_KEY_UISupportedInterfaceOrientations_iPhone = "UIInterfaceOrientationPortrait UIInterfaceOrientationLandscapeLeft UIInterfaceOrientationLandscapeRight";
				LD_RUNPATH_SEARCH_PATHS = (
					"$(inherited)",
					"@executable_path/Frameworks",
				);
				MARKETING_VERSION = 1.0;
				PRODUCT_BUNDLE_IDENTIFIER = com.fmg.FrancoSphere;
				PRODUCT_NAME = "$(TARGET_NAME)";
				SWIFT_EMIT_LOC_STRINGS = YES;
				SWIFT_VERSION = 5.0;
				TARGETED_DEVICE_FAMILY = "1,2";
			};
			name = Debug;
		};
		23423DDD2D739D6A00AACE3E /* Release */ = {
			isa = XCBuildConfiguration;
			buildSettings = {
				ASSETCATALOG_COMPILER_APPICON_NAME = AppIcon;
				ASSETCATALOG_COMPILER_GLOBAL_ACCENT_COLOR_NAME = AccentColor;
				CODE_SIGN_STYLE = Automatic;
				CURRENT_PROJECT_VERSION = 1;
				DEVELOPMENT_ASSET_PATHS = "\"FrancoSphere/Preview Content\"";
				ENABLE_PREVIEWS = YES;
				GENERATE_INFOPLIST_FILE = YES;
				INFOPLIST_KEY_UIApplicationSceneManifest_Generation = YES;
				INFOPLIST_KEY_UIApplicationSupportsIndirectInputEvents = YES;
				INFOPLIST_KEY_UILaunchScreen_Generation = YES;
				INFOPLIST_KEY_UISupportedInterfaceOrientations_iPad = "UIInterfaceOrientationPortrait UIInterfaceOrientationPortraitUpsideDown UIInterfaceOrientationLandscapeLeft UIInterfaceOrientationLandscapeRight";
				INFOPLIST_KEY_UISupportedInterfaceOrientations_iPhone = "UIInterfaceOrientationPortrait UIInterfaceOrientationLandscapeLeft UIInterfaceOrientationLandscapeRight";
				LD_RUNPATH_SEARCH_PATHS = (
					"$(inherited)",
					"@executable_path/Frameworks",
				);
				MARKETING_VERSION = 1.0;
				PRODUCT_BUNDLE_IDENTIFIER = com.fmg.FrancoSphere;
				PRODUCT_NAME = "$(TARGET_NAME)";
				SWIFT_EMIT_LOC_STRINGS = YES;
				SWIFT_VERSION = 5.0;
				TARGETED_DEVICE_FAMILY = "1,2";
			};
			name = Release;
		};
		23423DDF2D739D6A00AACE3E /* Debug */ = {
			isa = XCBuildConfiguration;
			buildSettings = {
				BUNDLE_LOADER = "$(TEST_HOST)";
				CODE_SIGN_STYLE = Automatic;
				CURRENT_PROJECT_VERSION = 1;
				GENERATE_INFOPLIST_FILE = YES;
				IPHONEOS_DEPLOYMENT_TARGET = 18.2;
				MARKETING_VERSION = 1.0;
				PRODUCT_BUNDLE_IDENTIFIER = com.fmg.FrancoSphereTests;
				PRODUCT_NAME = "$(TARGET_NAME)";
				SWIFT_EMIT_LOC_STRINGS = NO;
				SWIFT_VERSION = 5.0;
				TARGETED_DEVICE_FAMILY = "1,2";
				TEST_HOST = "$(BUILT_PRODUCTS_DIR)/FrancoSphere.app/$(BUNDLE_EXECUTABLE_FOLDER_PATH)/FrancoSphere";
			};
			name = Debug;
		};
		23423DE02D739D6A00AACE3E /* Release */ = {
			isa = XCBuildConfiguration;
			buildSettings = {
				BUNDLE_LOADER = "$(TEST_HOST)";
				CODE_SIGN_STYLE = Automatic;
				CURRENT_PROJECT_VERSION = 1;
				GENERATE_INFOPLIST_FILE = YES;
				IPHONEOS_DEPLOYMENT_TARGET = 18.2;
				MARKETING_VERSION = 1.0;
				PRODUCT_BUNDLE_IDENTIFIER = com.fmg.FrancoSphereTests;
				PRODUCT_NAME = "$(TARGET_NAME)";
				SWIFT_EMIT_LOC_STRINGS = NO;
				SWIFT_VERSION = 5.0;
				TARGETED_DEVICE_FAMILY = "1,2";
				TEST_HOST = "$(BUILT_PRODUCTS_DIR)/FrancoSphere.app/$(BUNDLE_EXECUTABLE_FOLDER_PATH)/FrancoSphere";
			};
			name = Release;
		};
		23423DE22D739D6A00AACE3E /* Debug */ = {
			isa = XCBuildConfiguration;
			buildSettings = {
				CODE_SIGN_STYLE = Automatic;
				CURRENT_PROJECT_VERSION = 1;
				GENERATE_INFOPLIST_FILE = YES;
				MARKETING_VERSION = 1.0;
				PRODUCT_BUNDLE_IDENTIFIER = com.fmg.FrancoSphereUITests;
				PRODUCT_NAME = "$(TARGET_NAME)";
				SWIFT_EMIT_LOC_STRINGS = NO;
				SWIFT_VERSION = 5.0;
				TARGETED_DEVICE_FAMILY = "1,2";
				TEST_TARGET_NAME = FrancoSphere;
			};
			name = Debug;
		};
		23423DE32D739D6A00AACE3E /* Release */ = {
			isa = XCBuildConfiguration;
			buildSettings = {
				CODE_SIGN_STYLE = Automatic;
				CURRENT_PROJECT_VERSION = 1;
				GENERATE_INFOPLIST_FILE = YES;
				MARKETING_VERSION = 1.0;
				PRODUCT_BUNDLE_IDENTIFIER = com.fmg.FrancoSphereUITests;
				PRODUCT_NAME = "$(TARGET_NAME)";
				SWIFT_EMIT_LOC_STRINGS = NO;
				SWIFT_VERSION = 5.0;
				TARGETED_DEVICE_FAMILY = "1,2";
				TEST_TARGET_NAME = FrancoSphere;
			};
			name = Release;
		};
/* End XCBuildConfiguration section */

/* Begin XCConfigurationList section */
		23423DB22D739D6800AACE3E /* Build configuration list for PBXProject "FrancoSphere" */ = {
			isa = XCConfigurationList;
			buildConfigurations = (
				23423DD92D739D6A00AACE3E /* Debug */,
				23423DDA2D739D6A00AACE3E /* Release */,
			);
			defaultConfigurationIsVisible = 0;
			defaultConfigurationName = Release;
		};
		23423DDB2D739D6A00AACE3E /* Build configuration list for PBXNativeTarget "FrancoSphere" */ = {
			isa = XCConfigurationList;
			buildConfigurations = (
				23423DDC2D739D6A00AACE3E /* Debug */,
				23423DDD2D739D6A00AACE3E /* Release */,
			);
			defaultConfigurationIsVisible = 0;
			defaultConfigurationName = Release;
		};
		23423DDE2D739D6A00AACE3E /* Build configuration list for PBXNativeTarget "FrancoSphereTests" */ = {
			isa = XCConfigurationList;
			buildConfigurations = (
				23423DDF2D739D6A00AACE3E /* Debug */,
				23423DE02D739D6A00AACE3E /* Release */,
			);
			defaultConfigurationIsVisible = 0;
			defaultConfigurationName = Release;
		};
		23423DE12D739D6A00AACE3E /* Build configuration list for PBXNativeTarget "FrancoSphereUITests" */ = {
			isa = XCConfigurationList;
			buildConfigurations = (
				23423DE22D739D6A00AACE3E /* Debug */,
				23423DE32D739D6A00AACE3E /* Release */,
			);
			defaultConfigurationIsVisible = 0;
			defaultConfigurationName = Release;
		};
/* End XCConfigurationList section */

/* Begin XCRemoteSwiftPackageReference section */
		23423DE42D73B4D400AACE3E /* XCRemoteSwiftPackageReference "SQLite.swift" */ = {
			isa = XCRemoteSwiftPackageReference;
			repositoryURL = "https://github.com/stephencelis/SQLite.swift.git";
			requirement = {
				kind = upToNextMajorVersion;
				minimumVersion = 0.15.3;
			};
		};
		2354B9DF2D7425EE0050C53D /* XCRemoteSwiftPackageReference "sdk" */ = {
			isa = XCRemoteSwiftPackageReference;
			repositoryURL = "https://github.com/open-meteo/sdk.git";
			requirement = {
				branch = main;
				kind = branch;
			};
		};
/* End XCRemoteSwiftPackageReference section */

/* Begin XCSwiftPackageProductDependency section */
		23423DE52D73B4D400AACE3E /* SQLite */ = {
			isa = XCSwiftPackageProductDependency;
			package = 23423DE42D73B4D400AACE3E /* XCRemoteSwiftPackageReference "SQLite.swift" */;
			productName = SQLite;
		};
		2354B9E02D7425EE0050C53D /* OpenMeteoSdk */ = {
			isa = XCSwiftPackageProductDependency;
			package = 2354B9DF2D7425EE0050C53D /* XCRemoteSwiftPackageReference "sdk" */;
			productName = OpenMeteoSdk;
		};
/* End XCSwiftPackageProductDependency section */
	};
	rootObject = 23423DAF2D739D6800AACE3E /* Project object */;
}
