// !$*UTF8*$!
{
	archiveVersion = 1;
	classes = {
	};
	objectVersion = 77;
	objects = {

/* Begin PBXBuildFile section */
		231931CF2E42E78300640977 /* DSNYModels.swift in Sources */ = {isa = PBXBuildFile; fileRef = 231931BA2E42E78300640977 /* DSNYModels.swift */; };
		231931D02E42E78300640977 /* CanonicalIDs.swift in Sources */ = {isa = PBXBuildFile; fileRef = 231931BD2E42E78300640977 /* CanonicalIDs.swift */; };
		231931D12E42E78300640977 /* ComplianceDataDTO.swift in Sources */ = {isa = PBXBuildFile; fileRef = 231931B72E42E78300640977 /* ComplianceDataDTO.swift */; };
		231931D22E42E78300640977 /* FilteredTaskResult.swift in Sources */ = {isa = PBXBuildFile; fileRef = 231931C22E42E78300640977 /* FilteredTaskResult.swift */; };
		231931D32E42E78300640977 /* CoreTypes.swift in Sources */ = {isa = PBXBuildFile; fileRef = 231931CC2E42E78300640977 /* CoreTypes.swift */; };
		231931D42E42E78300640977 /* WorkerActionType.swift in Sources */ = {isa = PBXBuildFile; fileRef = 231931C82E42E78300640977 /* WorkerActionType.swift */; };
		231931D52E42E78300640977 /* ModelExtensions.swift in Sources */ = {isa = PBXBuildFile; fileRef = 231931C42E42E78300640977 /* ModelExtensions.swift */; };
		231931D62E42E78300640977 /* GRDBManager.swift in Sources */ = {isa = PBXBuildFile; fileRef = 231931AF2E42E78300640977 /* GRDBManager.swift */; };
		231931D72E42E78300640977 /* ComplianceIssue.swift in Sources */ = {isa = PBXBuildFile; fileRef = 231931BF2E42E78300640977 /* ComplianceIssue.swift */; };
		231931D82E42E78300640977 /* WorkerConstants.swift in Sources */ = {isa = PBXBuildFile; fileRef = 231931C92E42E78300640977 /* WorkerConstants.swift */; };
		231931D92E42E78300640977 /* SharedTypes.swift in Sources */ = {isa = PBXBuildFile; fileRef = 231931C52E42E78300640977 /* SharedTypes.swift */; };
		231931DA2E42E78300640977 /* CLLocationCoordinate2DExtension.swift in Sources */ = {isa = PBXBuildFile; fileRef = 231931BE2E42E78300640977 /* CLLocationCoordinate2DExtension.swift */; };
		231931DB2E42E78300640977 /* VerificationRecord.swift in Sources */ = {isa = PBXBuildFile; fileRef = 231931C72E42E78300640977 /* VerificationRecord.swift */; };
		231931DC2E42E78300640977 /* ImportHelper.swift in Sources */ = {isa = PBXBuildFile; fileRef = 231931C32E42E78300640977 /* ImportHelper.swift */; };
		231931DD2E42E78300640977 /* VectorClock.swift in Sources */ = {isa = PBXBuildFile; fileRef = 231931B42E42E78300640977 /* VectorClock.swift */; };
		231931DE2E42E78300640977 /* CyntientOpsExtensions.swift in Sources */ = {isa = PBXBuildFile; fileRef = 231931C02E42E78300640977 /* CyntientOpsExtensions.swift */; };
		231931DF2E42E78300640977 /* QBConnectionStatus.swift in Sources */ = {isa = PBXBuildFile; fileRef = 231931BB2E42E78300640977 /* QBConnectionStatus.swift */; };
		231931E02E42E78300640977 /* TimeStatus.swift in Sources */ = {isa = PBXBuildFile; fileRef = 231931B22E42E78300640977 /* TimeStatus.swift */; };
		231931E12E42E78300640977 /* WorkerMetricsDTO.swift in Sources */ = {isa = PBXBuildFile; fileRef = 231931B82E42E78300640977 /* WorkerMetricsDTO.swift */; };
		231931E22E42E78300640977 /* UserExtensions.swift in Sources */ = {isa = PBXBuildFile; fileRef = 231931C62E42E78300640977 /* UserExtensions.swift */; };
		231931E32E42E78300640977 /* CyntientOpsModels.swift in Sources */ = {isa = PBXBuildFile; fileRef = 231931C12E42E78300640977 /* CyntientOpsModels.swift */; };
		231931E42E42E78300640977 /* BuildingIntelligenceDTO.swift in Sources */ = {isa = PBXBuildFile; fileRef = 231931B62E42E78300640977 /* BuildingIntelligenceDTO.swift */; };
		231931E52E42E78300640977 /* DatabaseInitializer.swift in Sources */ = {isa = PBXBuildFile; fileRef = 231931AE2E42E78300640977 /* DatabaseInitializer.swift */; };
		2326C25C2E3BFF9B0080F005 /* Sentry in Frameworks */ = {isa = PBXBuildFile; productRef = 2326C25B2E3BFF9B0080F005 /* Sentry */; };
		2326C25E2E3BFF9B0080F005 /* SentrySwiftUI in Frameworks */ = {isa = PBXBuildFile; productRef = 2326C25D2E3BFF9B0080F005 /* SentrySwiftUI */; };
		23273AF02E2B8708004A52C6 /* CyntientOpsTests.xctest in Resources */ = {isa = PBXBuildFile; fileRef = 23273AED2E2B86AC004A52C6 /* CyntientOpsTests.xctest */; };
		23273AF12E2B870E004A52C6 /* CyntientOpsUITests.xctest in Resources */ = {isa = PBXBuildFile; fileRef = 23273AEE2E2B86AC004A52C6 /* CyntientOpsUITests.xctest */; };
		239AD0982E2B955A0055CDF8 /* GRDB in Frameworks */ = {isa = PBXBuildFile; productRef = 239AD0972E2B955A0055CDF8 /* GRDB */; };
/* End PBXBuildFile section */

/* Begin PBXContainerItemProxy section */
		232736F12E2B8565004A52C6 /* PBXContainerItemProxy */ = {
			isa = PBXContainerItemProxy;
			containerPortal = 232736DB2E2B8564004A52C6 /* Project object */;
			proxyType = 1;
			remoteGlobalIDString = 232736E22E2B8564004A52C6;
			remoteInfo = CyntientOps;
		};
		232736FB2E2B8565004A52C6 /* PBXContainerItemProxy */ = {
			isa = PBXContainerItemProxy;
			containerPortal = 232736DB2E2B8564004A52C6 /* Project object */;
			proxyType = 1;
			remoteGlobalIDString = 232736E22E2B8564004A52C6;
			remoteInfo = CyntientOps;
		};
/* End PBXContainerItemProxy section */

/* Begin PBXFileReference section */
		231931AE2E42E78300640977 /* DatabaseInitializer.swift */ = {isa = PBXFileReference; lastKnownFileType = sourcecode.swift; path = DatabaseInitializer.swift; sourceTree = "<group>"; };
		231931AF2E42E78300640977 /* GRDBManager.swift */ = {isa = PBXFileReference; lastKnownFileType = sourcecode.swift; path = GRDBManager.swift; sourceTree = "<group>"; };
		231931B22E42E78300640977 /* TimeStatus.swift */ = {isa = PBXFileReference; lastKnownFileType = sourcecode.swift; path = TimeStatus.swift; sourceTree = "<group>"; };
		231931B42E42E78300640977 /* VectorClock.swift */ = {isa = PBXFileReference; lastKnownFileType = sourcecode.swift; path = VectorClock.swift; sourceTree = "<group>"; };
		231931B62E42E78300640977 /* BuildingIntelligenceDTO.swift */ = {isa = PBXFileReference; lastKnownFileType = sourcecode.swift; path = BuildingIntelligenceDTO.swift; sourceTree = "<group>"; };
		231931B72E42E78300640977 /* ComplianceDataDTO.swift */ = {isa = PBXFileReference; lastKnownFileType = sourcecode.swift; path = ComplianceDataDTO.swift; sourceTree = "<group>"; };
		231931B82E42E78300640977 /* WorkerMetricsDTO.swift */ = {isa = PBXFileReference; lastKnownFileType = sourcecode.swift; path = WorkerMetricsDTO.swift; sourceTree = "<group>"; };
		231931BA2E42E78300640977 /* DSNYModels.swift */ = {isa = PBXFileReference; lastKnownFileType = sourcecode.swift; path = DSNYModels.swift; sourceTree = "<group>"; };
		231931BB2E42E78300640977 /* QBConnectionStatus.swift */ = {isa = PBXFileReference; lastKnownFileType = sourcecode.swift; path = QBConnectionStatus.swift; sourceTree = "<group>"; };
		231931BD2E42E78300640977 /* CanonicalIDs.swift */ = {isa = PBXFileReference; lastKnownFileType = sourcecode.swift; path = CanonicalIDs.swift; sourceTree = "<group>"; };
		231931BE2E42E78300640977 /* CLLocationCoordinate2DExtension.swift */ = {isa = PBXFileReference; lastKnownFileType = sourcecode.swift; path = CLLocationCoordinate2DExtension.swift; sourceTree = "<group>"; };
		231931BF2E42E78300640977 /* ComplianceIssue.swift */ = {isa = PBXFileReference; lastKnownFileType = sourcecode.swift; path = ComplianceIssue.swift; sourceTree = "<group>"; };
		231931C02E42E78300640977 /* CyntientOpsExtensions.swift */ = {isa = PBXFileReference; lastKnownFileType = sourcecode.swift; path = CyntientOpsExtensions.swift; sourceTree = "<group>"; };
		231931C12E42E78300640977 /* CyntientOpsModels.swift */ = {isa = PBXFileReference; lastKnownFileType = sourcecode.swift; path = CyntientOpsModels.swift; sourceTree = "<group>"; };
		231931C22E42E78300640977 /* FilteredTaskResult.swift */ = {isa = PBXFileReference; lastKnownFileType = sourcecode.swift; path = FilteredTaskResult.swift; sourceTree = "<group>"; };
		231931C32E42E78300640977 /* ImportHelper.swift */ = {isa = PBXFileReference; lastKnownFileType = sourcecode.swift; path = ImportHelper.swift; sourceTree = "<group>"; };
		231931C42E42E78300640977 /* ModelExtensions.swift */ = {isa = PBXFileReference; lastKnownFileType = sourcecode.swift; path = ModelExtensions.swift; sourceTree = "<group>"; };
		231931C52E42E78300640977 /* SharedTypes.swift */ = {isa = PBXFileReference; lastKnownFileType = sourcecode.swift; path = SharedTypes.swift; sourceTree = "<group>"; };
		231931C62E42E78300640977 /* UserExtensions.swift */ = {isa = PBXFileReference; lastKnownFileType = sourcecode.swift; path = UserExtensions.swift; sourceTree = "<group>"; };
		231931C72E42E78300640977 /* VerificationRecord.swift */ = {isa = PBXFileReference; lastKnownFileType = sourcecode.swift; path = VerificationRecord.swift; sourceTree = "<group>"; };
		231931C82E42E78300640977 /* WorkerActionType.swift */ = {isa = PBXFileReference; lastKnownFileType = sourcecode.swift; path = WorkerActionType.swift; sourceTree = "<group>"; };
		231931C92E42E78300640977 /* WorkerConstants.swift */ = {isa = PBXFileReference; lastKnownFileType = sourcecode.swift; path = WorkerConstants.swift; sourceTree = "<group>"; };
		231931CC2E42E78300640977 /* CoreTypes.swift */ = {isa = PBXFileReference; lastKnownFileType = sourcecode.swift; path = CoreTypes.swift; sourceTree = "<group>"; };
		2326C26A2E3C23AC0080F005 /* CyntientOpsTests-Bridging-Header.h */ = {isa = PBXFileReference; lastKnownFileType = sourcecode.c.h; path = "CyntientOpsTests-Bridging-Header.h"; sourceTree = "<group>"; };
		23273AEC2E2B86AC004A52C6 /* CyntientOps.app */ = {isa = PBXFileReference; explicitFileType = wrapper.application; includeInIndex = 0; path = CyntientOps.app; sourceTree = BUILT_PRODUCTS_DIR; };
		23273AED2E2B86AC004A52C6 /* CyntientOpsTests.xctest */ = {isa = PBXFileReference; explicitFileType = wrapper.cfbundle; includeInIndex = 0; path = CyntientOpsTests.xctest; sourceTree = BUILT_PRODUCTS_DIR; };
		23273AEE2E2B86AC004A52C6 /* CyntientOpsUITests.xctest */ = {isa = PBXFileReference; explicitFileType = wrapper.cfbundle; includeInIndex = 0; path = CyntientOpsUITests.xctest; sourceTree = BUILT_PRODUCTS_DIR; };
/* End PBXFileReference section */

/* Begin PBXFrameworksBuildPhase section */
		232736E02E2B8564004A52C6 /* Frameworks */ = {
			isa = PBXFrameworksBuildPhase;
			buildActionMask = 2147483647;
			files = (
				239AD0982E2B955A0055CDF8 /* GRDB in Frameworks */,
				2326C25E2E3BFF9B0080F005 /* SentrySwiftUI in Frameworks */,
				2326C25C2E3BFF9B0080F005 /* Sentry in Frameworks */,
			);
			runOnlyForDeploymentPostprocessing = 0;
		};
		232736ED2E2B8565004A52C6 /* Frameworks */ = {
			isa = PBXFrameworksBuildPhase;
			buildActionMask = 2147483647;
			files = (
			);
			runOnlyForDeploymentPostprocessing = 0;
		};
		232736F72E2B8565004A52C6 /* Frameworks */ = {
			isa = PBXFrameworksBuildPhase;
			buildActionMask = 2147483647;
			files = (
			);
			runOnlyForDeploymentPostprocessing = 0;
		};
/* End PBXFrameworksBuildPhase section */

/* Begin PBXGroup section */
		231931B02E42E78300640977 /* Database */ = {
			isa = PBXGroup;
			children = (
				231931AE2E42E78300640977 /* DatabaseInitializer.swift */,
				231931AF2E42E78300640977 /* GRDBManager.swift */,
			);
			path = Database;
			sourceTree = "<group>";
		};
		231931B12E42E78300640977 /* Database */ = {
			isa = PBXGroup;
			children = (
				231931B02E42E78300640977 /* Database */,
			);
			path = Database;
			sourceTree = "<group>";
		};
		231931B32E42E78300640977 /* Extensions */ = {
			isa = PBXGroup;
			children = (
				231931B22E42E78300640977 /* TimeStatus.swift */,
			);
			path = Extensions;
			sourceTree = "<group>";
		};
		231931B52E42E78300640977 /* Core */ = {
			isa = PBXGroup;
			children = (
				231931B42E42E78300640977 /* VectorClock.swift */,
			);
			path = Core;
			sourceTree = "<group>";
		};
		231931B92E42E78300640977 /* DTOs */ = {
			isa = PBXGroup;
			children = (
				231931B62E42E78300640977 /* BuildingIntelligenceDTO.swift */,
				231931B72E42E78300640977 /* ComplianceDataDTO.swift */,
				231931B82E42E78300640977 /* WorkerMetricsDTO.swift */,
			);
			path = DTOs;
			sourceTree = "<group>";
		};
		231931BC2E42E78300640977 /* Enums */ = {
			isa = PBXGroup;
			children = (
				231931BA2E42E78300640977 /* DSNYModels.swift */,
				231931BB2E42E78300640977 /* QBConnectionStatus.swift */,
			);
			path = Enums;
			sourceTree = "<group>";
		};
		231931CA2E42E78300640977 /* Models */ = {
			isa = PBXGroup;
			children = (
				231931B52E42E78300640977 /* Core */,
				231931B92E42E78300640977 /* DTOs */,
				231931BC2E42E78300640977 /* Enums */,
				231931BD2E42E78300640977 /* CanonicalIDs.swift */,
				231931BE2E42E78300640977 /* CLLocationCoordinate2DExtension.swift */,
				231931BF2E42E78300640977 /* ComplianceIssue.swift */,
				231931C02E42E78300640977 /* CyntientOpsExtensions.swift */,
				231931C12E42E78300640977 /* CyntientOpsModels.swift */,
				231931C22E42E78300640977 /* FilteredTaskResult.swift */,
				231931C32E42E78300640977 /* ImportHelper.swift */,
				231931C42E42E78300640977 /* ModelExtensions.swift */,
				231931C52E42E78300640977 /* SharedTypes.swift */,
				231931C62E42E78300640977 /* UserExtensions.swift */,
				231931C72E42E78300640977 /* VerificationRecord.swift */,
				231931C82E42E78300640977 /* WorkerActionType.swift */,
				231931C92E42E78300640977 /* WorkerConstants.swift */,
			);
			path = Models;
			sourceTree = "<group>";
		};
		231931CB2E42E78300640977 /* Models */ = {
			isa = PBXGroup;
			children = (
				231931CA2E42E78300640977 /* Models */,
			);
			path = Models;
			sourceTree = "<group>";
		};
		231931CD2E42E78300640977 /* Types */ = {
			isa = PBXGroup;
			children = (
				231931CC2E42E78300640977 /* CoreTypes.swift */,
			);
			path = Types;
			sourceTree = "<group>";
		};
		231931CE2E42E78300640977 /* Core */ = {
			isa = PBXGroup;
			children = (
				231931B12E42E78300640977 /* Database */,
				231931B32E42E78300640977 /* Extensions */,
				231931CB2E42E78300640977 /* Models */,
				231931CD2E42E78300640977 /* Types */,
			);
			path = Core;
			sourceTree = "<group>";
		};
		232736DA2E2B8564004A52C6 = {
			isa = PBXGroup;
			children = (
				231931CE2E42E78300640977 /* Core */,
				23273AEC2E2B86AC004A52C6 /* CyntientOps.app */,
				23273AED2E2B86AC004A52C6 /* CyntientOpsTests.xctest */,
				23273AEE2E2B86AC004A52C6 /* CyntientOpsUITests.xctest */,
				2326C26A2E3C23AC0080F005 /* CyntientOpsTests-Bridging-Header.h */,
			);
			sourceTree = "<group>";
		};
/* End PBXGroup section */

/* Begin PBXNativeTarget section */
		232736E22E2B8564004A52C6 /* CyntientOps */ = {
			isa = PBXNativeTarget;
			buildConfigurationList = 232737042E2B8565004A52C6 /* Build configuration list for PBXNativeTarget "CyntientOps" */;
			buildPhases = (
				232736DF2E2B8564004A52C6 /* Sources */,
				232736E02E2B8564004A52C6 /* Frameworks */,
				232736E12E2B8564004A52C6 /* Resources */,
			);
			buildRules = (
			);
			dependencies = (
			);
			name = CyntientOps;
			packageProductDependencies = (
				239AD0972E2B955A0055CDF8 /* GRDB */,
				2326C25B2E3BFF9B0080F005 /* Sentry */,
				2326C25D2E3BFF9B0080F005 /* SentrySwiftUI */,
			);
			productName = CyntientOps;
			productReference = 23273AEC2E2B86AC004A52C6 /* CyntientOps.app */;
			productType = "com.apple.product-type.application";
		};
		232736EF2E2B8565004A52C6 /* CyntientOpsTests */ = {
			isa = PBXNativeTarget;
			buildConfigurationList = 232737072E2B8565004A52C6 /* Build configuration list for PBXNativeTarget "CyntientOpsTests" */;
			buildPhases = (
				232736EC2E2B8565004A52C6 /* Sources */,
				232736ED2E2B8565004A52C6 /* Frameworks */,
				232736EE2E2B8565004A52C6 /* Resources */,
			);
			buildRules = (
			);
			dependencies = (
				232736F22E2B8565004A52C6 /* PBXTargetDependency */,
			);
			name = CyntientOpsTests;
			packageProductDependencies = (
			);
			productName = CyntientOpsTests;
			productReference = 23273AED2E2B86AC004A52C6 /* CyntientOpsTests.xctest */;
			productType = "com.apple.product-type.bundle.unit-test";
		};
		232736F92E2B8565004A52C6 /* CyntientOpsUITests */ = {
			isa = PBXNativeTarget;
			buildConfigurationList = 2327370A2E2B8565004A52C6 /* Build configuration list for PBXNativeTarget "CyntientOpsUITests" */;
			buildPhases = (
				232736F62E2B8565004A52C6 /* Sources */,
				232736F72E2B8565004A52C6 /* Frameworks */,
				232736F82E2B8565004A52C6 /* Resources */,
			);
			buildRules = (
			);
			dependencies = (
				232736FC2E2B8565004A52C6 /* PBXTargetDependency */,
			);
			name = CyntientOpsUITests;
			packageProductDependencies = (
			);
			productName = CyntientOpsUITests;
			productReference = 23273AEE2E2B86AC004A52C6 /* CyntientOpsUITests.xctest */;
			productType = "com.apple.product-type.bundle.ui-testing";
		};
/* End PBXNativeTarget section */

/* Begin PBXProject section */
		232736DB2E2B8564004A52C6 /* Project object */ = {
			isa = PBXProject;
			attributes = {
				BuildIndependentTargetsInParallel = 1;
				LastSwiftUpdateCheck = 1640;
				LastUpgradeCheck = 1640;
				TargetAttributes = {
					232736E22E2B8564004A52C6 = {
						CreatedOnToolsVersion = 16.4;
					};
					232736EF2E2B8565004A52C6 = {
						CreatedOnToolsVersion = 16.4;
						LastSwiftMigration = 1640;
						TestTargetID = 232736E22E2B8564004A52C6;
					};
					232736F92E2B8565004A52C6 = {
						CreatedOnToolsVersion = 16.4;
						TestTargetID = 232736E22E2B8564004A52C6;
					};
				};
			};
			buildConfigurationList = 232736DE2E2B8564004A52C6 /* Build configuration list for PBXProject "CyntientOps" */;
			developmentRegion = en;
			hasScannedForEncodings = 0;
			knownRegions = (
				en,
				Base,
				es,
			);
			mainGroup = 232736DA2E2B8564004A52C6;
			minimizedProjectReferenceProxies = 1;
			packageReferences = (
				239AD0962E2B955A0055CDF8 /* XCRemoteSwiftPackageReference "GRDB" */,
				2326C25A2E3BFF9B0080F005 /* XCRemoteSwiftPackageReference "sentry-cocoa" */,
			);
			preferredProjectObjectVersion = 77;
			productRefGroup = 232736DA2E2B8564004A52C6;
			projectDirPath = "";
			projectRoot = "";
			targets = (
				232736E22E2B8564004A52C6 /* CyntientOps */,
				232736EF2E2B8565004A52C6 /* CyntientOpsTests */,
				232736F92E2B8565004A52C6 /* CyntientOpsUITests */,
			);
		};
/* End PBXProject section */

/* Begin PBXResourcesBuildPhase section */
		232736E12E2B8564004A52C6 /* Resources */ = {
			isa = PBXResourcesBuildPhase;
			buildActionMask = 2147483647;
			files = (
			);
			runOnlyForDeploymentPostprocessing = 0;
		};
		232736EE2E2B8565004A52C6 /* Resources */ = {
			isa = PBXResourcesBuildPhase;
			buildActionMask = 2147483647;
			files = (
				23273AF02E2B8708004A52C6 /* CyntientOpsTests.xctest in Resources */,
			);
			runOnlyForDeploymentPostprocessing = 0;
		};
		232736F82E2B8565004A52C6 /* Resources */ = {
			isa = PBXResourcesBuildPhase;
			buildActionMask = 2147483647;
			files = (
				23273AF12E2B870E004A52C6 /* CyntientOpsUITests.xctest in Resources */,
			);
			runOnlyForDeploymentPostprocessing = 0;
		};
/* End PBXResourcesBuildPhase section */

/* Begin PBXSourcesBuildPhase section */
		232736DF2E2B8564004A52C6 /* Sources */ = {
			isa = PBXSourcesBuildPhase;
			buildActionMask = 2147483647;
			files = (
				231931CF2E42E78300640977 /* DSNYModels.swift in Sources */,
				231931D02E42E78300640977 /* CanonicalIDs.swift in Sources */,
				231931D12E42E78300640977 /* ComplianceDataDTO.swift in Sources */,
				231931D22E42E78300640977 /* FilteredTaskResult.swift in Sources */,
				231931D32E42E78300640977 /* CoreTypes.swift in Sources */,
				231931D42E42E78300640977 /* WorkerActionType.swift in Sources */,
				231931D52E42E78300640977 /* ModelExtensions.swift in Sources */,
				231931D62E42E78300640977 /* GRDBManager.swift in Sources */,
				231931D72E42E78300640977 /* ComplianceIssue.swift in Sources */,
				231931D82E42E78300640977 /* WorkerConstants.swift in Sources */,
				231931D92E42E78300640977 /* SharedTypes.swift in Sources */,
				231931DA2E42E78300640977 /* CLLocationCoordinate2DExtension.swift in Sources */,
				231931DB2E42E78300640977 /* VerificationRecord.swift in Sources */,
				231931DC2E42E78300640977 /* ImportHelper.swift in Sources */,
				231931DD2E42E78300640977 /* VectorClock.swift in Sources */,
				231931DE2E42E78300640977 /* CyntientOpsExtensions.swift in Sources */,
				231931DF2E42E78300640977 /* QBConnectionStatus.swift in Sources */,
				231931E02E42E78300640977 /* TimeStatus.swift in Sources */,
				231931E12E42E78300640977 /* WorkerMetricsDTO.swift in Sources */,
				231931E22E42E78300640977 /* UserExtensions.swift in Sources */,
				231931E32E42E78300640977 /* CyntientOpsModels.swift in Sources */,
				231931E42E42E78300640977 /* BuildingIntelligenceDTO.swift in Sources */,
				231931E52E42E78300640977 /* DatabaseInitializer.swift in Sources */,
			);
			runOnlyForDeploymentPostprocessing = 0;
		};
		232736EC2E2B8565004A52C6 /* Sources */ = {
			isa = PBXSourcesBuildPhase;
			buildActionMask = 2147483647;
			files = (
			);
			runOnlyForDeploymentPostprocessing = 0;
		};
		232736F62E2B8565004A52C6 /* Sources */ = {
			isa = PBXSourcesBuildPhase;
			buildActionMask = 2147483647;
			files = (
			);
			runOnlyForDeploymentPostprocessing = 0;
		};
/* End PBXSourcesBuildPhase section */

/* Begin PBXTargetDependency section */
		232736F22E2B8565004A52C6 /* PBXTargetDependency */ = {
			isa = PBXTargetDependency;
			target = 232736E22E2B8564004A52C6 /* CyntientOps */;
			targetProxy = 232736F12E2B8565004A52C6 /* PBXContainerItemProxy */;
		};
		232736FC2E2B8565004A52C6 /* PBXTargetDependency */ = {
			isa = PBXTargetDependency;
			target = 232736E22E2B8564004A52C6 /* CyntientOps */;
			targetProxy = 232736FB2E2B8565004A52C6 /* PBXContainerItemProxy */;
		};
/* End PBXTargetDependency section */

/* Begin XCBuildConfiguration section */
		232737022E2B8565004A52C6 /* Debug */ = {
			isa = XCBuildConfiguration;
			buildSettings = {
				ALWAYS_SEARCH_USER_PATHS = NO;
				ASSETCATALOG_COMPILER_GENERATE_SWIFT_ASSET_SYMBOL_EXTENSIONS = YES;
				CLANG_ANALYZER_LOCALIZABILITY_NONLOCALIZED = YES;
				CLANG_ANALYZER_NONNULL = YES;
				CLANG_ANALYZER_NUMBER_OBJECT_CONVERSION = YES_AGGRESSIVE;
				CLANG_CXX_LANGUAGE_STANDARD = "gnu++20";
				CLANG_ENABLE_MODULES = YES;
				CLANG_ENABLE_OBJC_ARC = YES;
				CLANG_ENABLE_OBJC_WEAK = YES;
				CLANG_WARN_BLOCK_CAPTURE_AUTORELEASING = YES;
				CLANG_WARN_BOOL_CONVERSION = YES;
				CLANG_WARN_COMMA = YES;
				CLANG_WARN_CONSTANT_CONVERSION = YES;
				CLANG_WARN_DEPRECATED_OBJC_IMPLEMENTATIONS = YES;
				CLANG_WARN_DIRECT_OBJC_ISA_USAGE = YES_ERROR;
				CLANG_WARN_DOCUMENTATION_COMMENTS = YES;
				CLANG_WARN_EMPTY_BODY = YES;
				CLANG_WARN_ENUM_CONVERSION = YES;
				CLANG_WARN_INFINITE_RECURSION = YES;
				CLANG_WARN_INT_CONVERSION = YES;
				CLANG_WARN_NON_LITERAL_NULL_CONVERSION = YES;
				CLANG_WARN_OBJC_IMPLICIT_RETAIN_SELF = YES;
				CLANG_WARN_OBJC_LITERAL_CONVERSION = YES;
				CLANG_WARN_OBJC_ROOT_CLASS = YES_ERROR;
				CLANG_WARN_QUOTED_INCLUDE_IN_FRAMEWORK_HEADER = YES;
				CLANG_WARN_RANGE_LOOP_ANALYSIS = YES;
				CLANG_WARN_STRICT_PROTOTYPES = YES;
				CLANG_WARN_SUSPICIOUS_MOVE = YES;
				CLANG_WARN_UNGUARDED_AVAILABILITY = YES_AGGRESSIVE;
				CLANG_WARN_UNREACHABLE_CODE = YES;
				CLANG_WARN__DUPLICATE_METHOD_MATCH = YES;
				COPY_PHASE_STRIP = NO;
				DEBUG_INFORMATION_FORMAT = dwarf;
				DEVELOPMENT_TEAM = X82DB5QT3S;
				ENABLE_STRICT_OBJC_MSGSEND = YES;
				ENABLE_TESTABILITY = YES;
				ENABLE_USER_SCRIPT_SANDBOXING = YES;
				GCC_C_LANGUAGE_STANDARD = gnu17;
				GCC_DYNAMIC_NO_PIC = NO;
				GCC_NO_COMMON_BLOCKS = YES;
				GCC_OPTIMIZATION_LEVEL = 0;
				GCC_PREPROCESSOR_DEFINITIONS = (
					"DEBUG=1",
					"$(inherited)",
				);
				GCC_WARN_64_TO_32_BIT_CONVERSION = YES;
				GCC_WARN_ABOUT_RETURN_TYPE = YES_ERROR;
				GCC_WARN_UNDECLARED_SELECTOR = YES;
				GCC_WARN_UNINITIALIZED_AUTOS = YES_AGGRESSIVE;
				GCC_WARN_UNUSED_FUNCTION = YES;
				GCC_WARN_UNUSED_VARIABLE = YES;
				IPHONEOS_DEPLOYMENT_TARGET = 18.5;
				LOCALIZATION_PREFERS_STRING_CATALOGS = YES;
				MTL_ENABLE_DEBUG_INFO = INCLUDE_SOURCE;
				MTL_FAST_MATH = YES;
				ONLY_ACTIVE_ARCH = YES;
				SDKROOT = iphoneos;
				SWIFT_ACTIVE_COMPILATION_CONDITIONS = "DEBUG $(inherited)";
				SWIFT_OPTIMIZATION_LEVEL = "-Onone";
			};
			name = Debug;
		};
		232737032E2B8565004A52C6 /* Release */ = {
			isa = XCBuildConfiguration;
			buildSettings = {
				ALWAYS_SEARCH_USER_PATHS = NO;
				ASSETCATALOG_COMPILER_GENERATE_SWIFT_ASSET_SYMBOL_EXTENSIONS = YES;
				CLANG_ANALYZER_LOCALIZABILITY_NONLOCALIZED = YES;
				CLANG_ANALYZER_NONNULL = YES;
				CLANG_ANALYZER_NUMBER_OBJECT_CONVERSION = YES_AGGRESSIVE;
				CLANG_CXX_LANGUAGE_STANDARD = "gnu++20";
				CLANG_ENABLE_MODULES = YES;
				CLANG_ENABLE_OBJC_ARC = YES;
				CLANG_ENABLE_OBJC_WEAK = YES;
				CLANG_WARN_BLOCK_CAPTURE_AUTORELEASING = YES;
				CLANG_WARN_BOOL_CONVERSION = YES;
				CLANG_WARN_COMMA = YES;
				CLANG_WARN_CONSTANT_CONVERSION = YES;
				CLANG_WARN_DEPRECATED_OBJC_IMPLEMENTATIONS = YES;
				CLANG_WARN_DIRECT_OBJC_ISA_USAGE = YES_ERROR;
				CLANG_WARN_DOCUMENTATION_COMMENTS = YES;
				CLANG_WARN_EMPTY_BODY = YES;
				CLANG_WARN_ENUM_CONVERSION = YES;
				CLANG_WARN_INFINITE_RECURSION = YES;
				CLANG_WARN_INT_CONVERSION = YES;
				CLANG_WARN_NON_LITERAL_NULL_CONVERSION = YES;
				CLANG_WARN_OBJC_IMPLICIT_RETAIN_SELF = YES;
				CLANG_WARN_OBJC_LITERAL_CONVERSION = YES;
				CLANG_WARN_OBJC_ROOT_CLASS = YES_ERROR;
				CLANG_WARN_QUOTED_INCLUDE_IN_FRAMEWORK_HEADER = YES;
				CLANG_WARN_RANGE_LOOP_ANALYSIS = YES;
				CLANG_WARN_STRICT_PROTOTYPES = YES;
				CLANG_WARN_SUSPICIOUS_MOVE = YES;
				CLANG_WARN_UNGUARDED_AVAILABILITY = YES_AGGRESSIVE;
				CLANG_WARN_UNREACHABLE_CODE = YES;
				CLANG_WARN__DUPLICATE_METHOD_MATCH = YES;
				COPY_PHASE_STRIP = NO;
				DEBUG_INFORMATION_FORMAT = "dwarf-with-dsym";
				DEVELOPMENT_TEAM = X82DB5QT3S;
				ENABLE_NS_ASSERTIONS = NO;
				ENABLE_STRICT_OBJC_MSGSEND = YES;
				ENABLE_USER_SCRIPT_SANDBOXING = YES;
				GCC_C_LANGUAGE_STANDARD = gnu17;
				GCC_NO_COMMON_BLOCKS = YES;
				GCC_WARN_64_TO_32_BIT_CONVERSION = YES;
				GCC_WARN_ABOUT_RETURN_TYPE = YES_ERROR;
				GCC_WARN_UNDECLARED_SELECTOR = YES;
				GCC_WARN_UNINITIALIZED_AUTOS = YES_AGGRESSIVE;
				GCC_WARN_UNUSED_FUNCTION = YES;
				GCC_WARN_UNUSED_VARIABLE = YES;
				IPHONEOS_DEPLOYMENT_TARGET = 18.5;
				LOCALIZATION_PREFERS_STRING_CATALOGS = YES;
				MTL_ENABLE_DEBUG_INFO = NO;
				MTL_FAST_MATH = YES;
				SDKROOT = iphoneos;
				SWIFT_COMPILATION_MODE = wholemodule;
				VALIDATE_PRODUCT = YES;
			};
			name = Release;
		};
		232737052E2B8565004A52C6 /* Debug */ = {
			isa = XCBuildConfiguration;
			buildSettings = {
				ASSETCATALOG_COMPILER_APPICON_NAME = AppIcon;
				ASSETCATALOG_COMPILER_GLOBAL_ACCENT_COLOR_NAME = AccentColor;
				CODE_SIGN_STYLE = Automatic;
				CURRENT_PROJECT_VERSION = 1;
				DEVELOPMENT_TEAM = X82DB5QT3S;
				ENABLE_PREVIEWS = YES;
				GENERATE_INFOPLIST_FILE = YES;
				INFOPLIST_FILE = "CyntientOps-Info.plist";
				INFOPLIST_KEY_CFBundleDisplayName = "";
				INFOPLIST_KEY_LSApplicationCategoryType = "";
				INFOPLIST_KEY_UIApplicationSceneManifest_Generation = YES;
				INFOPLIST_KEY_UIApplicationSupportsIndirectInputEvents = YES;
				INFOPLIST_KEY_UILaunchScreen_Generation = YES;
				INFOPLIST_KEY_UISupportedInterfaceOrientations_iPad = "UIInterfaceOrientationPortrait UIInterfaceOrientationPortraitUpsideDown UIInterfaceOrientationLandscapeLeft UIInterfaceOrientationLandscapeRight";
				INFOPLIST_KEY_UISupportedInterfaceOrientations_iPhone = "UIInterfaceOrientationPortrait UIInterfaceOrientationLandscapeLeft UIInterfaceOrientationLandscapeRight";
				LD_RUNPATH_SEARCH_PATHS = (
					"$(inherited)",
					"@executable_path/Frameworks",
				);
				MARKETING_VERSION = 1.0;
				PRODUCT_BUNDLE_IDENTIFIER = com.fmg.CyntientOps;
				PRODUCT_NAME = "$(TARGET_NAME)";
				SWIFT_EMIT_LOC_STRINGS = YES;
				SWIFT_VERSION = 5.0;
				TARGETED_DEVICE_FAMILY = "1,2";
			};
			name = Debug;
		};
		232737062E2B8565004A52C6 /* Release */ = {
			isa = XCBuildConfiguration;
			buildSettings = {
				ASSETCATALOG_COMPILER_APPICON_NAME = AppIcon;
				ASSETCATALOG_COMPILER_GLOBAL_ACCENT_COLOR_NAME = AccentColor;
				CODE_SIGN_STYLE = Automatic;
				CURRENT_PROJECT_VERSION = 1;
				DEVELOPMENT_TEAM = X82DB5QT3S;
				ENABLE_PREVIEWS = YES;
				GENERATE_INFOPLIST_FILE = YES;
				INFOPLIST_FILE = "CyntientOps-Info.plist";
				INFOPLIST_KEY_CFBundleDisplayName = "";
				INFOPLIST_KEY_LSApplicationCategoryType = "";
				INFOPLIST_KEY_UIApplicationSceneManifest_Generation = YES;
				INFOPLIST_KEY_UIApplicationSupportsIndirectInputEvents = YES;
				INFOPLIST_KEY_UILaunchScreen_Generation = YES;
				INFOPLIST_KEY_UISupportedInterfaceOrientations_iPad = "UIInterfaceOrientationPortrait UIInterfaceOrientationPortraitUpsideDown UIInterfaceOrientationLandscapeLeft UIInterfaceOrientationLandscapeRight";
				INFOPLIST_KEY_UISupportedInterfaceOrientations_iPhone = "UIInterfaceOrientationPortrait UIInterfaceOrientationLandscapeLeft UIInterfaceOrientationLandscapeRight";
				LD_RUNPATH_SEARCH_PATHS = (
					"$(inherited)",
					"@executable_path/Frameworks",
				);
				MARKETING_VERSION = 1.0;
				PRODUCT_BUNDLE_IDENTIFIER = com.fmg.CyntientOps;
				PRODUCT_NAME = "$(TARGET_NAME)";
				SWIFT_EMIT_LOC_STRINGS = YES;
				SWIFT_VERSION = 5.0;
				TARGETED_DEVICE_FAMILY = "1,2";
			};
			name = Release;
		};
		232737082E2B8565004A52C6 /* Debug */ = {
			isa = XCBuildConfiguration;
			buildSettings = {
				BUNDLE_LOADER = "$(TEST_HOST)";
				CLANG_ENABLE_MODULES = YES;
				CODE_SIGN_STYLE = Automatic;
				CURRENT_PROJECT_VERSION = 1;
				DEVELOPMENT_TEAM = X82DB5QT3S;
				GENERATE_INFOPLIST_FILE = YES;
				IPHONEOS_DEPLOYMENT_TARGET = 18.5;
				MARKETING_VERSION = 1.0;
				PRODUCT_BUNDLE_IDENTIFIER = com.fmg.CyntientOpsTests;
				PRODUCT_NAME = "$(TARGET_NAME)";
				SWIFT_EMIT_LOC_STRINGS = NO;
				SWIFT_OBJC_BRIDGING_HEADER = "CyntientOpsTests-Bridging-Header.h";
				SWIFT_OPTIMIZATION_LEVEL = "-Onone";
				SWIFT_VERSION = 5.0;
				TARGETED_DEVICE_FAMILY = "1,2";
				TEST_HOST = "$(BUILT_PRODUCTS_DIR)/CyntientOps.app/$(BUNDLE_EXECUTABLE_FOLDER_PATH)/CyntientOps";
			};
			name = Debug;
		};
		232737092E2B8565004A52C6 /* Release */ = {
			isa = XCBuildConfiguration;
			buildSettings = {
				BUNDLE_LOADER = "$(TEST_HOST)";
				CLANG_ENABLE_MODULES = YES;
				CODE_SIGN_STYLE = Automatic;
				CURRENT_PROJECT_VERSION = 1;
				DEVELOPMENT_TEAM = X82DB5QT3S;
				GENERATE_INFOPLIST_FILE = YES;
				IPHONEOS_DEPLOYMENT_TARGET = 18.5;
				MARKETING_VERSION = 1.0;
				PRODUCT_BUNDLE_IDENTIFIER = com.fmg.CyntientOpsTests;
				PRODUCT_NAME = "$(TARGET_NAME)";
				SWIFT_EMIT_LOC_STRINGS = NO;
				SWIFT_OBJC_BRIDGING_HEADER = "CyntientOpsTests-Bridging-Header.h";
				SWIFT_VERSION = 5.0;
				TARGETED_DEVICE_FAMILY = "1,2";
				TEST_HOST = "$(BUILT_PRODUCTS_DIR)/CyntientOps.app/$(BUNDLE_EXECUTABLE_FOLDER_PATH)/CyntientOps";
			};
			name = Release;
		};
		2327370B2E2B8565004A52C6 /* Debug */ = {
			isa = XCBuildConfiguration;
			buildSettings = {
				CODE_SIGN_STYLE = Automatic;
				CURRENT_PROJECT_VERSION = 1;
				DEVELOPMENT_TEAM = X82DB5QT3S;
				GENERATE_INFOPLIST_FILE = YES;
				MARKETING_VERSION = 1.0;
				PRODUCT_BUNDLE_IDENTIFIER = com.fmg.CyntientOpsUITests;
				PRODUCT_NAME = "$(TARGET_NAME)";
				SWIFT_EMIT_LOC_STRINGS = NO;
				SWIFT_VERSION = 5.0;
				TARGETED_DEVICE_FAMILY = "1,2";
				TEST_TARGET_NAME = CyntientOps;
			};
			name = Debug;
		};
		2327370C2E2B8565004A52C6 /* Release */ = {
			isa = XCBuildConfiguration;
			buildSettings = {
				CODE_SIGN_STYLE = Automatic;
				CURRENT_PROJECT_VERSION = 1;
				DEVELOPMENT_TEAM = X82DB5QT3S;
				GENERATE_INFOPLIST_FILE = YES;
				MARKETING_VERSION = 1.0;
				PRODUCT_BUNDLE_IDENTIFIER = com.fmg.CyntientOpsUITests;
				PRODUCT_NAME = "$(TARGET_NAME)";
				SWIFT_EMIT_LOC_STRINGS = NO;
				SWIFT_VERSION = 5.0;
				TARGETED_DEVICE_FAMILY = "1,2";
				TEST_TARGET_NAME = CyntientOps;
			};
			name = Release;
		};
/* End XCBuildConfiguration section */

/* Begin XCConfigurationList section */
		232736DE2E2B8564004A52C6 /* Build configuration list for PBXProject "CyntientOps" */ = {
			isa = XCConfigurationList;
			buildConfigurations = (
				232737022E2B8565004A52C6 /* Debug */,
				232737032E2B8565004A52C6 /* Release */,
			);
			defaultConfigurationIsVisible = 0;
			defaultConfigurationName = Release;
		};
		232737042E2B8565004A52C6 /* Build configuration list for PBXNativeTarget "CyntientOps" */ = {
			isa = XCConfigurationList;
			buildConfigurations = (
				232737052E2B8565004A52C6 /* Debug */,
				232737062E2B8565004A52C6 /* Release */,
			);
			defaultConfigurationIsVisible = 0;
			defaultConfigurationName = Release;
		};
		232737072E2B8565004A52C6 /* Build configuration list for PBXNativeTarget "CyntientOpsTests" */ = {
			isa = XCConfigurationList;
			buildConfigurations = (
				232737082E2B8565004A52C6 /* Debug */,
				232737092E2B8565004A52C6 /* Release */,
			);
			defaultConfigurationIsVisible = 0;
			defaultConfigurationName = Release;
		};
		2327370A2E2B8565004A52C6 /* Build configuration list for PBXNativeTarget "CyntientOpsUITests" */ = {
			isa = XCConfigurationList;
			buildConfigurations = (
				2327370B2E2B8565004A52C6 /* Debug */,
				2327370C2E2B8565004A52C6 /* Release */,
			);
			defaultConfigurationIsVisible = 0;
			defaultConfigurationName = Release;
		};
/* End XCConfigurationList section */

/* Begin XCRemoteSwiftPackageReference section */
		2326C25A2E3BFF9B0080F005 /* XCRemoteSwiftPackageReference "sentry-cocoa" */ = {
			isa = XCRemoteSwiftPackageReference;
			repositoryURL = "https://github.com/getsentry/sentry-cocoa.git";
			requirement = {
				kind = upToNextMajorVersion;
				minimumVersion = 8.54.0;
			};
		};
		239AD0962E2B955A0055CDF8 /* XCRemoteSwiftPackageReference "GRDB" */ = {
			isa = XCRemoteSwiftPackageReference;
			repositoryURL = "https://github.com/groue/GRDB.swift";
			requirement = {
				branch = master;
				kind = branch;
			};
		};
/* End XCRemoteSwiftPackageReference section */

/* Begin XCSwiftPackageProductDependency section */
		2326C25B2E3BFF9B0080F005 /* Sentry */ = {
			isa = XCSwiftPackageProductDependency;
			package = 2326C25A2E3BFF9B0080F005 /* XCRemoteSwiftPackageReference "sentry-cocoa" */;
			productName = Sentry;
		};
		2326C25D2E3BFF9B0080F005 /* SentrySwiftUI */ = {
			isa = XCSwiftPackageProductDependency;
			package = 2326C25A2E3BFF9B0080F005 /* XCRemoteSwiftPackageReference "sentry-cocoa" */;
			productName = SentrySwiftUI;
		};
		239AD0972E2B955A0055CDF8 /* GRDB */ = {
			isa = XCSwiftPackageProductDependency;
			package = 239AD0962E2B955A0055CDF8 /* XCRemoteSwiftPackageReference "GRDB" */;
			productName = GRDB;
		};
/* End XCSwiftPackageProductDependency section */
	};
	rootObject = 232736DB2E2B8564004A52C6 /* Project object */;
}
